
Microsoft Visual Studio Solution File, Format Version 11.00
# Visual Studio 2010
Project("{FAE04EC0-301F-11D3-BF4B-00C04F79EFBC}") = "UnityEngine.TestRunner", "UnityEngine.TestRunner.csproj", "{cb0492fa-a7c5-2b68-bb37-f31c86ad7c70}"
EndProject
Project("{FAE04EC0-301F-11D3-BF4B-00C04F79EFBC}") = "Unity.2D.Animation.Triangle.Runtime", "Unity.2D.Animation.Triangle.Runtime.csproj", "{f28be0c4-4f2e-6696-4ac9-b0af53e940d0}"
EndProject
Project("{FAE04EC0-301F-11D3-BF4B-00C04F79EFBC}") = "UnityEngine.UI", "UnityEngine.UI.csproj", "{6b0b6bec-c41d-409b-995a-0a60abfe42fb}"
EndProject
Project("{FAE04EC0-301F-11D3-BF4B-00C04F79EFBC}") = "Unity.TextMeshPro", "Unity.TextMeshPro.csproj", "{edda2b73-21e6-0cd9-244b-e462e29c2c06}"
EndProject
Project("{FAE04EC0-301F-11D3-BF4B-00C04F79EFBC}") = "Unity.2D.Animation.Runtime", "Unity.2D.Animation.Runtime.csproj", "{df806ba3-12b8-ed62-327f-e84c0324f3c3}"
EndProject
Project("{FAE04EC0-301F-11D3-BF4B-00C04F79EFBC}") = "Unity.Timeline", "Unity.Timeline.csproj", "{25319906-d01d-e0ce-ad24-1df296c75f89}"
EndProject
Project("{FAE04EC0-301F-11D3-BF4B-00C04F79EFBC}") = "Unity.Mathematics", "Unity.Mathematics.csproj", "{247b55b5-59eb-5175-b268-ba4a5de30ac1}"
EndProject
Project("{FAE04EC0-301F-11D3-BF4B-00C04F79EFBC}") = "Unity.2D.SpriteShape.Runtime", "Unity.2D.SpriteShape.Runtime.csproj", "{4995b328-a29d-c6d5-07a1-3872c59e08c3}"
EndProject
Project("{FAE04EC0-301F-11D3-BF4B-00C04F79EFBC}") = "Assembly-CSharp", "Assembly-CSharp.csproj", "{6c460a01-f243-aaf1-8067-4d9ce5eb3145}"
EndProject
Project("{FAE04EC0-301F-11D3-BF4B-00C04F79EFBC}") = "Unity.2D.PixelPerfect", "Unity.2D.PixelPerfect.csproj", "{f6408b3a-4c3d-5f38-a8f0-663fb62e6a35}"
EndProject
Project("{FAE04EC0-301F-11D3-BF4B-00C04F79EFBC}") = "Unity.InternalAPIEngineBridge.001", "Unity.InternalAPIEngineBridge.001.csproj", "{b39c37eb-743e-88a2-664e-cdcfbaacc38c}"
EndProject
Project("{FAE04EC0-301F-11D3-BF4B-00C04F79EFBC}") = "Unity.2D.Common.Runtime", "Unity.2D.Common.Runtime.csproj", "{9160e7c3-dfcf-b76c-773e-ddd1e3522999}"
EndProject
Project("{FAE04EC0-301F-11D3-BF4B-00C04F79EFBC}") = "Unity.TextMeshPro.Editor", "Unity.TextMeshPro.Editor.csproj", "{f814c833-9da9-3e3a-d1f6-5ac74c1828f4}"
EndProject
Project("{FAE04EC0-301F-11D3-BF4B-00C04F79EFBC}") = "Unity.Timeline.Editor", "Unity.Timeline.Editor.csproj", "{8bf5497c-d88b-7bab-3298-3f98b37ebbb7}"
EndProject
Project("{FAE04EC0-301F-11D3-BF4B-00C04F79EFBC}") = "Unity.CollabProxy.Editor", "Unity.CollabProxy.Editor.csproj", "{19f5502b-deba-0344-3039-45766af58a9c}"
EndProject
Project("{FAE04EC0-301F-11D3-BF4B-00C04F79EFBC}") = "UnityEditor.TestRunner", "UnityEditor.TestRunner.csproj", "{14b0c754-fe6d-8e92-213d-9c19ab33c403}"
EndProject
Project("{FAE04EC0-301F-11D3-BF4B-00C04F79EFBC}") = "Unity.2D.Animation.Editor", "Unity.2D.Animation.Editor.csproj", "{6f491b75-92b9-0a12-3aeb-80d4d093755a}"
EndProject
Project("{FAE04EC0-301F-11D3-BF4B-00C04F79EFBC}") = "Unity.2D.Path.Editor", "Unity.2D.Path.Editor.csproj", "{d758e98e-f085-31ae-bb7c-cc6ec0edcfce}"
EndProject
Project("{FAE04EC0-301F-11D3-BF4B-00C04F79EFBC}") = "Unity.2D.Sprite.Editor", "Unity.2D.Sprite.Editor.csproj", "{ba7e3043-03fd-3684-427a-182d652bdf6e}"
EndProject
Project("{FAE04EC0-301F-11D3-BF4B-00C04F79EFBC}") = "UnityEditor.UI", "UnityEditor.UI.csproj", "{cf043163-3c1b-377b-f687-aa808819c212}"
EndProject
Project("{FAE04EC0-301F-11D3-BF4B-00C04F79EFBC}") = "Unity.Rider.Editor", "Unity.Rider.Editor.csproj", "{ef78ed04-0d41-9146-c291-c84295080d37}"
EndProject
Project("{FAE04EC0-301F-11D3-BF4B-00C04F79EFBC}") = "Unity.2D.Tilemap.Editor", "Unity.2D.Tilemap.Editor.csproj", "{effd51d4-4dc9-d5f4-742d-2c8ea1cac718}"
EndProject
Project("{FAE04EC0-301F-11D3-BF4B-00C04F79EFBC}") = "Unity.VisualStudio.Editor", "Unity.VisualStudio.Editor.csproj", "{d44a7527-74b6-c1bd-f501-340f3e200247}"
EndProject
Project("{FAE04EC0-301F-11D3-BF4B-00C04F79EFBC}") = "Unity.2D.SpriteShape.Editor", "Unity.2D.SpriteShape.Editor.csproj", "{2bb1e137-dcbb-d287-e782-e82ba7d95c57}"
EndProject
Project("{FAE04EC0-301F-11D3-BF4B-00C04F79EFBC}") = "PsdPlugin", "PsdPlugin.csproj", "{e857da16-99e5-af0f-483b-0a025335e9b1}"
EndProject
Project("{FAE04EC0-301F-11D3-BF4B-00C04F79EFBC}") = "Unity.2D.Common.Editor", "Unity.2D.Common.Editor.csproj", "{f2d58731-a19f-4713-ba3e-2a694cff5382}"
EndProject
Project("{FAE04EC0-301F-11D3-BF4B-00C04F79EFBC}") = "Unity.VSCode.Editor", "Unity.VSCode.Editor.csproj", "{6c1d5e8e-16f6-302a-5310-b58c1a080dfd}"
EndProject
Project("{FAE04EC0-301F-11D3-BF4B-00C04F79EFBC}") = "Unity.2D.Psdimporter.Editor", "Unity.2D.Psdimporter.Editor.csproj", "{ebfd5128-42fc-6a63-866d-4abc96e07d2c}"
EndProject
Project("{FAE04EC0-301F-11D3-BF4B-00C04F79EFBC}") = "Unity.2D.PixelPerfect.Editor", "Unity.2D.PixelPerfect.Editor.csproj", "{a4fa5e7b-7010-7da6-b38e-60fa686fd1c0}"
EndProject
Project("{FAE04EC0-301F-11D3-BF4B-00C04F79EFBC}") = "Unity.Mathematics.Editor", "Unity.Mathematics.Editor.csproj", "{68ff7aff-c9f3-95b6-92af-92542fb16d2b}"
EndProject
Project("{FAE04EC0-301F-11D3-BF4B-00C04F79EFBC}") = "Unity.InternalAPIEditorBridge.001", "Unity.InternalAPIEditorBridge.001.csproj", "{bb7632bc-c503-5aac-8036-52c4488d9827}"
EndProject
Project("{FAE04EC0-301F-11D3-BF4B-00C04F79EFBC}") = "UnityEngine.TestRunner-player", "UnityEngine.TestRunner-player.csproj", "{68f4c801-1e86-6875-fc78-f02db780c4f3}"
EndProject
Project("{FAE04EC0-301F-11D3-BF4B-00C04F79EFBC}") = "Unity.2D.Animation.Triangle.Runtime-player", "Unity.2D.Animation.Triangle.Runtime-player.csproj", "{1bb8fb62-73f8-b911-934c-9898254caa6d}"
EndProject
Project("{FAE04EC0-301F-11D3-BF4B-00C04F79EFBC}") = "UnityEngine.UI-player", "UnityEngine.UI-player.csproj", "{741da56c-7e39-bc97-28bc-f06c96d4bea9}"
EndProject
Project("{FAE04EC0-301F-11D3-BF4B-00C04F79EFBC}") = "Unity.TextMeshPro-player", "Unity.TextMeshPro-player.csproj", "{1eec41e1-896b-0859-c9a4-e684f1635156}"
EndProject
Project("{FAE04EC0-301F-11D3-BF4B-00C04F79EFBC}") = "Unity.2D.Animation.Runtime-player", "Unity.2D.Animation.Runtime-player.csproj", "{3db79b32-fc11-fde4-a836-cebde3ae8cc1}"
EndProject
Project("{FAE04EC0-301F-11D3-BF4B-00C04F79EFBC}") = "Unity.Timeline-player", "Unity.Timeline-player.csproj", "{7c8449c6-0052-0e84-a8ba-55fb8ed389d4}"
EndProject
Project("{FAE04EC0-301F-11D3-BF4B-00C04F79EFBC}") = "Unity.Mathematics-player", "Unity.Mathematics-player.csproj", "{55d99730-bbf1-6241-6fc6-a4e9e762c96a}"
EndProject
Project("{FAE04EC0-301F-11D3-BF4B-00C04F79EFBC}") = "Unity.2D.SpriteShape.Runtime-player", "Unity.2D.SpriteShape.Runtime-player.csproj", "{a67bd6ca-408c-b255-989b-3f9c4052fbd6}"
EndProject
Project("{FAE04EC0-301F-11D3-BF4B-00C04F79EFBC}") = "Assembly-CSharp-player", "Assembly-CSharp-player.csproj", "{20a71182-168b-5255-7b9b-55814d36b736}"
EndProject
Project("{FAE04EC0-301F-11D3-BF4B-00C04F79EFBC}") = "Unity.2D.PixelPerfect-player", "Unity.2D.PixelPerfect-player.csproj", "{d54e739a-a49d-e6d0-9dc3-57b106e002ad}"
EndProject
Project("{FAE04EC0-301F-11D3-BF4B-00C04F79EFBC}") = "Unity.InternalAPIEngineBridge.001-player", "Unity.InternalAPIEngineBridge.001-player.csproj", "{dab1a320-3f30-f169-1550-4431415dba3b}"
EndProject
Project("{FAE04EC0-301F-11D3-BF4B-00C04F79EFBC}") = "Unity.2D.Common.Runtime-player", "Unity.2D.Common.Runtime-player.csproj", "{588effaf-09a7-cdb8-bae9-c8409524781b}"
EndProject
Global
	GlobalSection(SolutionConfigurationPlatforms) = preSolution
		Debug|Any CPU = Debug|Any CPU
		Release|Any CPU = Release|Any CPU
	EndGlobalSection
	GlobalSection(ProjectConfigurationPlatforms) = postSolution
		{cb0492fa-a7c5-2b68-bb37-f31c86ad7c70}.Debug|Any CPU.ActiveCfg = Debug|Any CPU
		{cb0492fa-a7c5-2b68-bb37-f31c86ad7c70}.Debug|Any CPU.Build.0 = Debug|Any CPU
		{cb0492fa-a7c5-2b68-bb37-f31c86ad7c70}.Release|Any CPU.ActiveCfg = Release|Any CPU
		{cb0492fa-a7c5-2b68-bb37-f31c86ad7c70}.Release|Any CPU.Build.0 = Release|Any CPU
		{f28be0c4-4f2e-6696-4ac9-b0af53e940d0}.Debug|Any CPU.ActiveCfg = Debug|Any CPU
		{f28be0c4-4f2e-6696-4ac9-b0af53e940d0}.Debug|Any CPU.Build.0 = Debug|Any CPU
		{f28be0c4-4f2e-6696-4ac9-b0af53e940d0}.Release|Any CPU.ActiveCfg = Release|Any CPU
		{f28be0c4-4f2e-6696-4ac9-b0af53e940d0}.Release|Any CPU.Build.0 = Release|Any CPU
		{6b0b6bec-c41d-409b-995a-0a60abfe42fb}.Debug|Any CPU.ActiveCfg = Debug|Any CPU
		{6b0b6bec-c41d-409b-995a-0a60abfe42fb}.Debug|Any CPU.Build.0 = Debug|Any CPU
		{6b0b6bec-c41d-409b-995a-0a60abfe42fb}.Release|Any CPU.ActiveCfg = Release|Any CPU
		{6b0b6bec-c41d-409b-995a-0a60abfe42fb}.Release|Any CPU.Build.0 = Release|Any CPU
		{edda2b73-21e6-0cd9-244b-e462e29c2c06}.Debug|Any CPU.ActiveCfg = Debug|Any CPU
		{edda2b73-21e6-0cd9-244b-e462e29c2c06}.Debug|Any CPU.Build.0 = Debug|Any CPU
		{edda2b73-21e6-0cd9-244b-e462e29c2c06}.Release|Any CPU.ActiveCfg = Release|Any CPU
		{edda2b73-21e6-0cd9-244b-e462e29c2c06}.Release|Any CPU.Build.0 = Release|Any CPU
		{df806ba3-12b8-ed62-327f-e84c0324f3c3}.Debug|Any CPU.ActiveCfg = Debug|Any CPU
		{df806ba3-12b8-ed62-327f-e84c0324f3c3}.Debug|Any CPU.Build.0 = Debug|Any CPU
		{df806ba3-12b8-ed62-327f-e84c0324f3c3}.Release|Any CPU.ActiveCfg = Release|Any CPU
		{df806ba3-12b8-ed62-327f-e84c0324f3c3}.Release|Any CPU.Build.0 = Release|Any CPU
		{25319906-d01d-e0ce-ad24-1df296c75f89}.Debug|Any CPU.ActiveCfg = Debug|Any CPU
		{25319906-d01d-e0ce-ad24-1df296c75f89}.Debug|Any CPU.Build.0 = Debug|Any CPU
		{25319906-d01d-e0ce-ad24-1df296c75f89}.Release|Any CPU.ActiveCfg = Release|Any CPU
		{25319906-d01d-e0ce-ad24-1df296c75f89}.Release|Any CPU.Build.0 = Release|Any CPU
		{247b55b5-59eb-5175-b268-ba4a5de30ac1}.Debug|Any CPU.ActiveCfg = Debug|Any CPU
		{247b55b5-59eb-5175-b268-ba4a5de30ac1}.Debug|Any CPU.Build.0 = Debug|Any CPU
		{247b55b5-59eb-5175-b268-ba4a5de30ac1}.Release|Any CPU.ActiveCfg = Release|Any CPU
		{247b55b5-59eb-5175-b268-ba4a5de30ac1}.Release|Any CPU.Build.0 = Release|Any CPU
		{4995b328-a29d-c6d5-07a1-3872c59e08c3}.Debug|Any CPU.ActiveCfg = Debug|Any CPU
		{4995b328-a29d-c6d5-07a1-3872c59e08c3}.Debug|Any CPU.Build.0 = Debug|Any CPU
		{4995b328-a29d-c6d5-07a1-3872c59e08c3}.Release|Any CPU.ActiveCfg = Release|Any CPU
		{4995b328-a29d-c6d5-07a1-3872c59e08c3}.Release|Any CPU.Build.0 = Release|Any CPU
		{6c460a01-f243-aaf1-8067-4d9ce5eb3145}.Debug|Any CPU.ActiveCfg = Debug|Any CPU
		{6c460a01-f243-aaf1-8067-4d9ce5eb3145}.Debug|Any CPU.Build.0 = Debug|Any CPU
		{6c460a01-f243-aaf1-8067-4d9ce5eb3145}.Release|Any CPU.ActiveCfg = Release|Any CPU
		{6c460a01-f243-aaf1-8067-4d9ce5eb3145}.Release|Any CPU.Build.0 = Release|Any CPU
		{f6408b3a-4c3d-5f38-a8f0-663fb62e6a35}.Debug|Any CPU.ActiveCfg = Debug|Any CPU
		{f6408b3a-4c3d-5f38-a8f0-663fb62e6a35}.Debug|Any CPU.Build.0 = Debug|Any CPU
		{f6408b3a-4c3d-5f38-a8f0-663fb62e6a35}.Release|Any CPU.ActiveCfg = Release|Any CPU
		{f6408b3a-4c3d-5f38-a8f0-663fb62e6a35}.Release|Any CPU.Build.0 = Release|Any CPU
		{b39c37eb-743e-88a2-664e-cdcfbaacc38c}.Debug|Any CPU.ActiveCfg = Debug|Any CPU
		{b39c37eb-743e-88a2-664e-cdcfbaacc38c}.Debug|Any CPU.Build.0 = Debug|Any CPU
		{b39c37eb-743e-88a2-664e-cdcfbaacc38c}.Release|Any CPU.ActiveCfg = Release|Any CPU
		{b39c37eb-743e-88a2-664e-cdcfbaacc38c}.Release|Any CPU.Build.0 = Release|Any CPU
		{9160e7c3-dfcf-b76c-773e-ddd1e3522999}.Debug|Any CPU.ActiveCfg = Debug|Any CPU
		{9160e7c3-dfcf-b76c-773e-ddd1e3522999}.Debug|Any CPU.Build.0 = Debug|Any CPU
		{9160e7c3-dfcf-b76c-773e-ddd1e3522999}.Release|Any CPU.ActiveCfg = Release|Any CPU
		{9160e7c3-dfcf-b76c-773e-ddd1e3522999}.Release|Any CPU.Build.0 = Release|Any CPU
		{f814c833-9da9-3e3a-d1f6-5ac74c1828f4}.Debug|Any CPU.ActiveCfg = Debug|Any CPU
		{f814c833-9da9-3e3a-d1f6-5ac74c1828f4}.Debug|Any CPU.Build.0 = Debug|Any CPU
		{f814c833-9da9-3e3a-d1f6-5ac74c1828f4}.Release|Any CPU.ActiveCfg = Release|Any CPU
		{f814c833-9da9-3e3a-d1f6-5ac74c1828f4}.Release|Any CPU.Build.0 = Release|Any CPU
		{8bf5497c-d88b-7bab-3298-3f98b37ebbb7}.Debug|Any CPU.ActiveCfg = Debug|Any CPU
		{8bf5497c-d88b-7bab-3298-3f98b37ebbb7}.Debug|Any CPU.Build.0 = Debug|Any CPU
		{8bf5497c-d88b-7bab-3298-3f98b37ebbb7}.Release|Any CPU.ActiveCfg = Release|Any CPU
		{8bf5497c-d88b-7bab-3298-3f98b37ebbb7}.Release|Any CPU.Build.0 = Release|Any CPU
		{19f5502b-deba-0344-3039-45766af58a9c}.Debug|Any CPU.ActiveCfg = Debug|Any CPU
		{19f5502b-deba-0344-3039-45766af58a9c}.Debug|Any CPU.Build.0 = Debug|Any CPU
		{19f5502b-deba-0344-3039-45766af58a9c}.Release|Any CPU.ActiveCfg = Release|Any CPU
		{19f5502b-deba-0344-3039-45766af58a9c}.Release|Any CPU.Build.0 = Release|Any CPU
		{14b0c754-fe6d-8e92-213d-9c19ab33c403}.Debug|Any CPU.ActiveCfg = Debug|Any CPU
		{14b0c754-fe6d-8e92-213d-9c19ab33c403}.Debug|Any CPU.Build.0 = Debug|Any CPU
		{14b0c754-fe6d-8e92-213d-9c19ab33c403}.Release|Any CPU.ActiveCfg = Release|Any CPU
		{14b0c754-fe6d-8e92-213d-9c19ab33c403}.Release|Any CPU.Build.0 = Release|Any CPU
		{6f491b75-92b9-0a12-3aeb-80d4d093755a}.Debug|Any CPU.ActiveCfg = Debug|Any CPU
		{6f491b75-92b9-0a12-3aeb-80d4d093755a}.Debug|Any CPU.Build.0 = Debug|Any CPU
		{6f491b75-92b9-0a12-3aeb-80d4d093755a}.Release|Any CPU.ActiveCfg = Release|Any CPU
		{6f491b75-92b9-0a12-3aeb-80d4d093755a}.Release|Any CPU.Build.0 = Release|Any CPU
		{d758e98e-f085-31ae-bb7c-cc6ec0edcfce}.Debug|Any CPU.ActiveCfg = Debug|Any CPU
		{d758e98e-f085-31ae-bb7c-cc6ec0edcfce}.Debug|Any CPU.Build.0 = Debug|Any CPU
		{d758e98e-f085-31ae-bb7c-cc6ec0edcfce}.Release|Any CPU.ActiveCfg = Release|Any CPU
		{d758e98e-f085-31ae-bb7c-cc6ec0edcfce}.Release|Any CPU.Build.0 = Release|Any CPU
		{ba7e3043-03fd-3684-427a-182d652bdf6e}.Debug|Any CPU.ActiveCfg = Debug|Any CPU
		{ba7e3043-03fd-3684-427a-182d652bdf6e}.Debug|Any CPU.Build.0 = Debug|Any CPU
		{ba7e3043-03fd-3684-427a-182d652bdf6e}.Release|Any CPU.ActiveCfg = Release|Any CPU
		{ba7e3043-03fd-3684-427a-182d652bdf6e}.Release|Any CPU.Build.0 = Release|Any CPU
		{cf043163-3c1b-377b-f687-aa808819c212}.Debug|Any CPU.ActiveCfg = Debug|Any CPU
		{cf043163-3c1b-377b-f687-aa808819c212}.Debug|Any CPU.Build.0 = Debug|Any CPU
		{cf043163-3c1b-377b-f687-aa808819c212}.Release|Any CPU.ActiveCfg = Release|Any CPU
		{cf043163-3c1b-377b-f687-aa808819c212}.Release|Any CPU.Build.0 = Release|Any CPU
		{ef78ed04-0d41-9146-c291-c84295080d37}.Debug|Any CPU.ActiveCfg = Debug|Any CPU
		{ef78ed04-0d41-9146-c291-c84295080d37}.Debug|Any CPU.Build.0 = Debug|Any CPU
		{ef78ed04-0d41-9146-c291-c84295080d37}.Release|Any CPU.ActiveCfg = Release|Any CPU
		{ef78ed04-0d41-9146-c291-c84295080d37}.Release|Any CPU.Build.0 = Release|Any CPU
		{effd51d4-4dc9-d5f4-742d-2c8ea1cac718}.Debug|Any CPU.ActiveCfg = Debug|Any CPU
		{effd51d4-4dc9-d5f4-742d-2c8ea1cac718}.Debug|Any CPU.Build.0 = Debug|Any CPU
		{effd51d4-4dc9-d5f4-742d-2c8ea1cac718}.Release|Any CPU.ActiveCfg = Release|Any CPU
		{effd51d4-4dc9-d5f4-742d-2c8ea1cac718}.Release|Any CPU.Build.0 = Release|Any CPU
		{d44a7527-74b6-c1bd-f501-340f3e200247}.Debug|Any CPU.ActiveCfg = Debug|Any CPU
		{d44a7527-74b6-c1bd-f501-340f3e200247}.Debug|Any CPU.Build.0 = Debug|Any CPU
		{d44a7527-74b6-c1bd-f501-340f3e200247}.Release|Any CPU.ActiveCfg = Release|Any CPU
		{d44a7527-74b6-c1bd-f501-340f3e200247}.Release|Any CPU.Build.0 = Release|Any CPU
		{2bb1e137-dcbb-d287-e782-e82ba7d95c57}.Debug|Any CPU.ActiveCfg = Debug|Any CPU
		{2bb1e137-dcbb-d287-e782-e82ba7d95c57}.Debug|Any CPU.Build.0 = Debug|Any CPU
		{2bb1e137-dcbb-d287-e782-e82ba7d95c57}.Release|Any CPU.ActiveCfg = Release|Any CPU
		{2bb1e137-dcbb-d287-e782-e82ba7d95c57}.Release|Any CPU.Build.0 = Release|Any CPU
		{e857da16-99e5-af0f-483b-0a025335e9b1}.Debug|Any CPU.ActiveCfg = Debug|Any CPU
		{e857da16-99e5-af0f-483b-0a025335e9b1}.Debug|Any CPU.Build.0 = Debug|Any CPU
		{e857da16-99e5-af0f-483b-0a025335e9b1}.Release|Any CPU.ActiveCfg = Release|Any CPU
		{e857da16-99e5-af0f-483b-0a025335e9b1}.Release|Any CPU.Build.0 = Release|Any CPU
		{f2d58731-a19f-4713-ba3e-2a694cff5382}.Debug|Any CPU.ActiveCfg = Debug|Any CPU
		{f2d58731-a19f-4713-ba3e-2a694cff5382}.Debug|Any CPU.Build.0 = Debug|Any CPU
		{f2d58731-a19f-4713-ba3e-2a694cff5382}.Release|Any CPU.ActiveCfg = Release|Any CPU
		{f2d58731-a19f-4713-ba3e-2a694cff5382}.Release|Any CPU.Build.0 = Release|Any CPU
		{6c1d5e8e-16f6-302a-5310-b58c1a080dfd}.Debug|Any CPU.ActiveCfg = Debug|Any CPU
		{6c1d5e8e-16f6-302a-5310-b58c1a080dfd}.Debug|Any CPU.Build.0 = Debug|Any CPU
		{6c1d5e8e-16f6-302a-5310-b58c1a080dfd}.Release|Any CPU.ActiveCfg = Release|Any CPU
		{6c1d5e8e-16f6-302a-5310-b58c1a080dfd}.Release|Any CPU.Build.0 = Release|Any CPU
		{ebfd5128-42fc-6a63-866d-4abc96e07d2c}.Debug|Any CPU.ActiveCfg = Debug|Any CPU
		{ebfd5128-42fc-6a63-866d-4abc96e07d2c}.Debug|Any CPU.Build.0 = Debug|Any CPU
		{ebfd5128-42fc-6a63-866d-4abc96e07d2c}.Release|Any CPU.ActiveCfg = Release|Any CPU
		{ebfd5128-42fc-6a63-866d-4abc96e07d2c}.Release|Any CPU.Build.0 = Release|Any CPU
		{a4fa5e7b-7010-7da6-b38e-60fa686fd1c0}.Debug|Any CPU.ActiveCfg = Debug|Any CPU
		{a4fa5e7b-7010-7da6-b38e-60fa686fd1c0}.Debug|Any CPU.Build.0 = Debug|Any CPU
		{a4fa5e7b-7010-7da6-b38e-60fa686fd1c0}.Release|Any CPU.ActiveCfg = Release|Any CPU
		{a4fa5e7b-7010-7da6-b38e-60fa686fd1c0}.Release|Any CPU.Build.0 = Release|Any CPU
		{68ff7aff-c9f3-95b6-92af-92542fb16d2b}.Debug|Any CPU.ActiveCfg = Debug|Any CPU
		{68ff7aff-c9f3-95b6-92af-92542fb16d2b}.Debug|Any CPU.Build.0 = Debug|Any CPU
		{68ff7aff-c9f3-95b6-92af-92542fb16d2b}.Release|Any CPU.ActiveCfg = Release|Any CPU
		{68ff7aff-c9f3-95b6-92af-92542fb16d2b}.Release|Any CPU.Build.0 = Release|Any CPU
		{bb7632bc-c503-5aac-8036-52c4488d9827}.Debug|Any CPU.ActiveCfg = Debug|Any CPU
		{bb7632bc-c503-5aac-8036-52c4488d9827}.Debug|Any CPU.Build.0 = Debug|Any CPU
		{bb7632bc-c503-5aac-8036-52c4488d9827}.Release|Any CPU.ActiveCfg = Release|Any CPU
		{bb7632bc-c503-5aac-8036-52c4488d9827}.Release|Any CPU.Build.0 = Release|Any CPU
		{68f4c801-1e86-6875-fc78-f02db780c4f3}.Debug|Any CPU.ActiveCfg = Debug|Any CPU
		{68f4c801-1e86-6875-fc78-f02db780c4f3}.Debug|Any CPU.Build.0 = Debug|Any CPU
		{68f4c801-1e86-6875-fc78-f02db780c4f3}.Release|Any CPU.ActiveCfg = Release|Any CPU
		{68f4c801-1e86-6875-fc78-f02db780c4f3}.Release|Any CPU.Build.0 = Release|Any CPU
		{1bb8fb62-73f8-b911-934c-9898254caa6d}.Debug|Any CPU.ActiveCfg = Debug|Any CPU
		{1bb8fb62-73f8-b911-934c-9898254caa6d}.Debug|Any CPU.Build.0 = Debug|Any CPU
		{1bb8fb62-73f8-b911-934c-9898254caa6d}.Release|Any CPU.ActiveCfg = Release|Any CPU
		{1bb8fb62-73f8-b911-934c-9898254caa6d}.Release|Any CPU.Build.0 = Release|Any CPU
		{741da56c-7e39-bc97-28bc-f06c96d4bea9}.Debug|Any CPU.ActiveCfg = Debug|Any CPU
		{741da56c-7e39-bc97-28bc-f06c96d4bea9}.Debug|Any CPU.Build.0 = Debug|Any CPU
		{741da56c-7e39-bc97-28bc-f06c96d4bea9}.Release|Any CPU.ActiveCfg = Release|Any CPU
		{741da56c-7e39-bc97-28bc-f06c96d4bea9}.Release|Any CPU.Build.0 = Release|Any CPU
		{1eec41e1-896b-0859-c9a4-e684f1635156}.Debug|Any CPU.ActiveCfg = Debug|Any CPU
		{1eec41e1-896b-0859-c9a4-e684f1635156}.Debug|Any CPU.Build.0 = Debug|Any CPU
		{1eec41e1-896b-0859-c9a4-e684f1635156}.Release|Any CPU.ActiveCfg = Release|Any CPU
		{1eec41e1-896b-0859-c9a4-e684f1635156}.Release|Any CPU.Build.0 = Release|Any CPU
		{3db79b32-fc11-fde4-a836-cebde3ae8cc1}.Debug|Any CPU.ActiveCfg = Debug|Any CPU
		{3db79b32-fc11-fde4-a836-cebde3ae8cc1}.Debug|Any CPU.Build.0 = Debug|Any CPU
		{3db79b32-fc11-fde4-a836-cebde3ae8cc1}.Release|Any CPU.ActiveCfg = Release|Any CPU
		{3db79b32-fc11-fde4-a836-cebde3ae8cc1}.Release|Any CPU.Build.0 = Release|Any CPU
		{7c8449c6-0052-0e84-a8ba-55fb8ed389d4}.Debug|Any CPU.ActiveCfg = Debug|Any CPU
		{7c8449c6-0052-0e84-a8ba-55fb8ed389d4}.Debug|Any CPU.Build.0 = Debug|Any CPU
		{7c8449c6-0052-0e84-a8ba-55fb8ed389d4}.Release|Any CPU.ActiveCfg = Release|Any CPU
		{7c8449c6-0052-0e84-a8ba-55fb8ed389d4}.Release|Any CPU.Build.0 = Release|Any CPU
		{55d99730-bbf1-6241-6fc6-a4e9e762c96a}.Debug|Any CPU.ActiveCfg = Debug|Any CPU
		{55d99730-bbf1-6241-6fc6-a4e9e762c96a}.Debug|Any CPU.Build.0 = Debug|Any CPU
		{55d99730-bbf1-6241-6fc6-a4e9e762c96a}.Release|Any CPU.ActiveCfg = Release|Any CPU
		{55d99730-bbf1-6241-6fc6-a4e9e762c96a}.Release|Any CPU.Build.0 = Release|Any CPU
		{a67bd6ca-408c-b255-989b-3f9c4052fbd6}.Debug|Any CPU.ActiveCfg = Debug|Any CPU
		{a67bd6ca-408c-b255-989b-3f9c4052fbd6}.Debug|Any CPU.Build.0 = Debug|Any CPU
		{a67bd6ca-408c-b255-989b-3f9c4052fbd6}.Release|Any CPU.ActiveCfg = Release|Any CPU
		{a67bd6ca-408c-b255-989b-3f9c4052fbd6}.Release|Any CPU.Build.0 = Release|Any CPU
		{20a71182-168b-5255-7b9b-55814d36b736}.Debug|Any CPU.ActiveCfg = Debug|Any CPU
		{20a71182-168b-5255-7b9b-55814d36b736}.Debug|Any CPU.Build.0 = Debug|Any CPU
		{20a71182-168b-5255-7b9b-55814d36b736}.Release|Any CPU.ActiveCfg = Release|Any CPU
		{20a71182-168b-5255-7b9b-55814d36b736}.Release|Any CPU.Build.0 = Release|Any CPU
		{d54e739a-a49d-e6d0-9dc3-57b106e002ad}.Debug|Any CPU.ActiveCfg = Debug|Any CPU
		{d54e739a-a49d-e6d0-9dc3-57b106e002ad}.Debug|Any CPU.Build.0 = Debug|Any CPU
		{d54e739a-a49d-e6d0-9dc3-57b106e002ad}.Release|Any CPU.ActiveCfg = Release|Any CPU
		{d54e739a-a49d-e6d0-9dc3-57b106e002ad}.Release|Any CPU.Build.0 = Release|Any CPU
		{dab1a320-3f30-f169-1550-4431415dba3b}.Debug|Any CPU.ActiveCfg = Debug|Any CPU
		{dab1a320-3f30-f169-1550-4431415dba3b}.Debug|Any CPU.Build.0 = Debug|Any CPU
		{dab1a320-3f30-f169-1550-4431415dba3b}.Release|Any CPU.ActiveCfg = Release|Any CPU
		{dab1a320-3f30-f169-1550-4431415dba3b}.Release|Any CPU.Build.0 = Release|Any CPU
		{588effaf-09a7-cdb8-bae9-c8409524781b}.Debug|Any CPU.ActiveCfg = Debug|Any CPU
		{588effaf-09a7-cdb8-bae9-c8409524781b}.Debug|Any CPU.Build.0 = Debug|Any CPU
		{588effaf-09a7-cdb8-bae9-c8409524781b}.Release|Any CPU.ActiveCfg = Release|Any CPU
		{588effaf-09a7-cdb8-bae9-c8409524781b}.Release|Any CPU.Build.0 = Release|Any CPU
	EndGlobalSection
	GlobalSection(SolutionProperties) = preSolution
		HideSolutionNode = FALSE
	EndGlobalSection
EndGlobal
